
Microsoft Visual Studio Solution File, Format Version 12.00
# Visual Studio Version 17
VisualStudioVersion = 17.0.31903.59
MinimumVisualStudioVersion = 10.0.40219.1
Project("{FAE04EC0-301F-11D3-BF4B-00C04F79EFBC}") = "OndemandAgent.Web", "OndemandAgent.Web\OndemandAgent.Web.csproj", "{FB87A48F-86C0-4D5F-BFE4-ED00B22F9067}"
EndProject
Project("{FAE04EC0-301F-11D3-BF4B-00C04F79EFBC}") = "OndemandAgent.UI", "OndemandAgent.UI\OndemandAgent.UI.csproj", "{A6FF7170-A208-4231-893B-86E1C7DDD5D0}"
EndProject
Global
	GlobalSection(SolutionConfigurationPlatforms) = preSolution
		Debug|Any CPU = Debug|Any CPU
		Release|Any CPU = Release|Any CPU
	EndGlobalSection
	GlobalSection(SolutionProperties) = preSolution
		HideSolutionNode = FALSE
	EndGlobalSection
	GlobalSection(ProjectConfigurationPlatforms) = postSolution
		{FB87A48F-86C0-4D5F-BFE4-ED00B22F9067}.Debug|Any CPU.ActiveCfg = Debug|Any CPU
		{FB87A48F-86C0-4D5F-BFE4-ED00B22F9067}.Debug|Any CPU.Build.0 = Debug|Any CPU
		{FB87A48F-86C0-4D5F-BFE4-ED00B22F9067}.Release|Any CPU.ActiveCfg = Release|Any CPU
		{FB87A48F-86C0-4D5F-BFE4-ED00B22F9067}.Release|Any CPU.Build.0 = Release|Any CPU
		{A6FF7170-A208-4231-893B-86E1C7DDD5D0}.Debug|Any CPU.ActiveCfg = Debug|Any CPU
		{A6FF7170-A208-4231-893B-86E1C7DDD5D0}.Debug|Any CPU.Build.0 = Debug|Any CPU
		{A6FF7170-A208-4231-893B-86E1C7DDD5D0}.Release|Any CPU.ActiveCfg = Release|Any CPU
		{A6FF7170-A208-4231-893B-86E1C7DDD5D0}.Release|Any CPU.Build.0 = Release|Any CPU
	EndGlobalSection
EndGlobal
